
Microsoft Visual Studio Solution File, Format Version 12.00
# Visual Studio Version 17
VisualStudioVersion = 17.3.32901.215
MinimumVisualStudioVersion = 10.0.40219.1
Project("{9A19103F-16F7-4668-BE54-9A1E7A4F7556}") = "KullanıcıArayüzü", "KullanıcıArayüzü\KullanıcıArayüzü.csproj", "{5EEAB421-B1D0-4D2F-B5E1-4C3863A08863}"
EndProject
Project("{9A19103F-16F7-4668-BE54-9A1E7A4F7556}") = "DAO", "DAO\DAO.csproj", "{5D33D160-6509-412B-B7E0-46030FF32CA8}"
EndProject
Global
	GlobalSection(SolutionConfigurationPlatforms) = preSolution
		Debug|Any CPU = Debug|Any CPU
		Release|Any CPU = Release|Any CPU
	EndGlobalSection
	GlobalSection(ProjectConfigurationPlatforms) = postSolution
		{5EEAB421-B1D0-4D2F-B5E1-4C3863A08863}.Debug|Any CPU.ActiveCfg = Debug|Any CPU
		{5EEAB421-B1D0-4D2F-B5E1-4C3863A08863}.Debug|Any CPU.Build.0 = Debug|Any CPU
		{5EEAB421-B1D0-4D2F-B5E1-4C3863A08863}.Release|Any CPU.ActiveCfg = Release|Any CPU
		{5EEAB421-B1D0-4D2F-B5E1-4C3863A08863}.Release|Any CPU.Build.0 = Release|Any CPU
		{5D33D160-6509-412B-B7E0-46030FF32CA8}.Debug|Any CPU.ActiveCfg = Debug|Any CPU
		{5D33D160-6509-412B-B7E0-46030FF32CA8}.Debug|Any CPU.Build.0 = Debug|Any CPU
		{5D33D160-6509-412B-B7E0-46030FF32CA8}.Release|Any CPU.ActiveCfg = Release|Any CPU
		{5D33D160-6509-412B-B7E0-46030FF32CA8}.Release|Any CPU.Build.0 = Release|Any CPU
	EndGlobalSection
	GlobalSection(SolutionProperties) = preSolution
		HideSolutionNode = FALSE
	EndGlobalSection
	GlobalSection(ExtensibilityGlobals) = postSolution
		SolutionGuid = {5E64519F-18FF-41B5-98E1-A8B8BA6C2E72}
	EndGlobalSection
EndGlobal
